
Microsoft Visual Studio Solution File, Format Version 12.00
# Visual Studio Express 15 for Windows Desktop
VisualStudioVersion = 15.0.28307.902
MinimumVisualStudioVersion = 10.0.40219.1
Project("{FAE04EC0-301F-11D3-BF4B-00C04F79EFBC}") = "StartCodesys", "StartCodesys\StartCodesys.csproj", "{1149232E-0BE0-476A-91E1-3ECD29A7D7BD}"
EndProject
Project("{FAE04EC0-301F-11D3-BF4B-00C04F79EFBC}") = "Stuff.Plugin", "Stuff.Plugin\Stuff.Plugin.csproj", "{5F2A8E64-A3C8-4678-AD25-AFF6E01AB6AE}"
EndProject
Global
	GlobalSection(SolutionConfigurationPlatforms) = preSolution
		Debug|Any CPU = Debug|Any CPU
		Release|Any CPU = Release|Any CPU
	EndGlobalSection
	GlobalSection(ProjectConfigurationPlatforms) = postSolution
		{1149232E-0BE0-476A-91E1-3ECD29A7D7BD}.Debug|Any CPU.ActiveCfg = Debug|Any CPU
		{1149232E-0BE0-476A-91E1-3ECD29A7D7BD}.Debug|Any CPU.Build.0 = Debug|Any CPU
		{1149232E-0BE0-476A-91E1-3ECD29A7D7BD}.Release|Any CPU.ActiveCfg = Release|Any CPU
		{1149232E-0BE0-476A-91E1-3ECD29A7D7BD}.Release|Any CPU.Build.0 = Release|Any CPU
		{5F2A8E64-A3C8-4678-AD25-AFF6E01AB6AE}.Debug|Any CPU.ActiveCfg = Debug|Any CPU
		{5F2A8E64-A3C8-4678-AD25-AFF6E01AB6AE}.Debug|Any CPU.Build.0 = Debug|Any CPU
		{5F2A8E64-A3C8-4678-AD25-AFF6E01AB6AE}.Release|Any CPU.ActiveCfg = Release|Any CPU
		{5F2A8E64-A3C8-4678-AD25-AFF6E01AB6AE}.Release|Any CPU.Build.0 = Release|Any CPU
	EndGlobalSection
	GlobalSection(SolutionProperties) = preSolution
		HideSolutionNode = FALSE
	EndGlobalSection
	GlobalSection(ExtensibilityGlobals) = postSolution
		SolutionGuid = {FECD55A4-2291-4123-9F9D-A7B745AC56FA}
	EndGlobalSection
EndGlobal
